
Microsoft Visual Studio Solution File, Format Version 12.00
# Visual Studio 15
VisualStudioVersion = 15.0.26430.16
MinimumVisualStudioVersion = 10.0.40219.1
Project("{FAE04EC0-301F-11D3-BF4B-00C04F79EFBC}") = "Brasiliano.API", "Brasiliano\Brasiliano.API.csproj", "{C43D9994-2CB8-456C-A43C-6873B15457D9}"
EndProject
Project("{FAE04EC0-301F-11D3-BF4B-00C04F79EFBC}") = "Brasiliano.Data", "Brasiliano.Model\Brasiliano.Data.csproj", "{4414C3D1-474F-41AC-88E7-88EB8851764A}"
EndProject
Global
	GlobalSection(SolutionConfigurationPlatforms) = preSolution
		Debug|Any CPU = Debug|Any CPU
		Release|Any CPU = Release|Any CPU
	EndGlobalSection
	GlobalSection(ProjectConfigurationPlatforms) = postSolution
		{C43D9994-2CB8-456C-A43C-6873B15457D9}.Debug|Any CPU.ActiveCfg = Debug|Any CPU
		{C43D9994-2CB8-456C-A43C-6873B15457D9}.Debug|Any CPU.Build.0 = Debug|Any CPU
		{C43D9994-2CB8-456C-A43C-6873B15457D9}.Release|Any CPU.ActiveCfg = Release|Any CPU
		{C43D9994-2CB8-456C-A43C-6873B15457D9}.Release|Any CPU.Build.0 = Release|Any CPU
		{4414C3D1-474F-41AC-88E7-88EB8851764A}.Debug|Any CPU.ActiveCfg = Debug|Any CPU
		{4414C3D1-474F-41AC-88E7-88EB8851764A}.Debug|Any CPU.Build.0 = Debug|Any CPU
		{4414C3D1-474F-41AC-88E7-88EB8851764A}.Release|Any CPU.ActiveCfg = Release|Any CPU
		{4414C3D1-474F-41AC-88E7-88EB8851764A}.Release|Any CPU.Build.0 = Release|Any CPU
	EndGlobalSection
	GlobalSection(SolutionProperties) = preSolution
		HideSolutionNode = FALSE
	EndGlobalSection
EndGlobal
